
Microsoft Visual Studio Solution File, Format Version 12.00
# Visual Studio Version 17
VisualStudioVersion = 17.4.33213.308
MinimumVisualStudioVersion = 10.0.40219.1
Project("{9A19103F-16F7-4668-BE54-9A1E7A4F7556}") = "WinFormsControlLibrary1", "WinFormsControlLibrary1\WinFormsControlLibrary1.csproj", "{BC1A1B9E-E8E5-4557-8235-512BD49B864C}"
EndProject
Project("{9A19103F-16F7-4668-BE54-9A1E7A4F7556}") = "TestControlsApplication", "TestControlsApplication\TestControlsApplication.csproj", "{4D2E1B58-AE54-4654-9003-392681F17B85}"
EndProject
Global
	GlobalSection(SolutionConfigurationPlatforms) = preSolution
		Debug|Any CPU = Debug|Any CPU
		Release|Any CPU = Release|Any CPU
	EndGlobalSection
	GlobalSection(ProjectConfigurationPlatforms) = postSolution
		{BC1A1B9E-E8E5-4557-8235-512BD49B864C}.Debug|Any CPU.ActiveCfg = Debug|Any CPU
		{BC1A1B9E-E8E5-4557-8235-512BD49B864C}.Debug|Any CPU.Build.0 = Debug|Any CPU
		{BC1A1B9E-E8E5-4557-8235-512BD49B864C}.Release|Any CPU.ActiveCfg = Release|Any CPU
		{BC1A1B9E-E8E5-4557-8235-512BD49B864C}.Release|Any CPU.Build.0 = Release|Any CPU
		{4D2E1B58-AE54-4654-9003-392681F17B85}.Debug|Any CPU.ActiveCfg = Debug|Any CPU
		{4D2E1B58-AE54-4654-9003-392681F17B85}.Debug|Any CPU.Build.0 = Debug|Any CPU
		{4D2E1B58-AE54-4654-9003-392681F17B85}.Release|Any CPU.ActiveCfg = Release|Any CPU
		{4D2E1B58-AE54-4654-9003-392681F17B85}.Release|Any CPU.Build.0 = Release|Any CPU
	EndGlobalSection
	GlobalSection(SolutionProperties) = preSolution
		HideSolutionNode = FALSE
	EndGlobalSection
	GlobalSection(ExtensibilityGlobals) = postSolution
		SolutionGuid = {CC521189-35C2-4DF2-BC3B-12AAF38C08D7}
	EndGlobalSection
EndGlobal
